PODS:
  - SDWebImage (5.2.2):
    - SDWebImage/Core (= 5.2.2)
  - SDWebImage/Core (5.2.2)

DEPENDENCIES:
  - SDWebImage

SPEC REPOS:
  https://github.com/cocoapods/specs.git:
    - SDWebImage

SPEC CHECKSUMS:
  SDWebImage: 5fcdb02cc35e05fc35791ec514b191d27189f872

PODFILE CHECKSUM: f275c0ec137fec0ce77787ed5479865a6339aa6f

COCOAPODS: 1.7.5
