// !$*UTF8*$!
{
	archiveVersion = 1;
	classes = {
	};
	objectVersion = 51;
	objects = {

/* Begin PBXBuildFile section */
		0991F8F92E1824A4392E907F /* Pods_AppStoreFakeUITests.framework in Frameworks */ = {isa = PBXBuildFile; fileRef = 0A78E31B3890FBBA3B5814A0 /* Pods_AppStoreFakeUITests.framework */; };
		3B4EF0BA8A6B4613E606139C /* Pods_AppStoreFake.framework in Frameworks */ = {isa = PBXBuildFile; fileRef = 2DF2F6A2A10DDD4A1C970AA4 /* Pods_AppStoreFake.framework */; };
		69773B258B6A5241DD9E5934 /* Pods_AppStoreFakeTests.framework in Frameworks */ = {isa = PBXBuildFile; fileRef = 9569C907ECCA31B895391467 /* Pods_AppStoreFakeTests.framework */; };
		A40385F423880D54008EEC94 /* AppsHeaderHorizontalController.swift in Sources */ = {isa = PBXBuildFile; fileRef = A40385F323880D54008EEC94 /* AppsHeaderHorizontalController.swift */; };
		A410DB2E235408CF00B91131 /* Result.swift in Sources */ = {isa = PBXBuildFile; fileRef = A410DB2D235408CF00B91131 /* Result.swift */; };
		A410DB3023540E9600B91131 /* Service.swift in Sources */ = {isa = PBXBuildFile; fileRef = A410DB2F23540E9600B91131 /* Service.swift */; };
		A423097523229D9800B97A3A /* AppDelegate.swift in Sources */ = {isa = PBXBuildFile; fileRef = A423097423229D9800B97A3A /* AppDelegate.swift */; };
		A423097C23229D9A00B97A3A /* Assets.xcassets in Resources */ = {isa = PBXBuildFile; fileRef = A423097B23229D9A00B97A3A /* Assets.xcassets */; };
		A423097F23229D9A00B97A3A /* LaunchScreen.storyboard in Resources */ = {isa = PBXBuildFile; fileRef = A423097D23229D9A00B97A3A /* LaunchScreen.storyboard */; };
		A423098A23229D9A00B97A3A /* AppStoreFakeTests.swift in Sources */ = {isa = PBXBuildFile; fileRef = A423098923229D9A00B97A3A /* AppStoreFakeTests.swift */; };
		A423099523229D9A00B97A3A /* AppStoreFakeUITests.swift in Sources */ = {isa = PBXBuildFile; fileRef = A423099423229D9A00B97A3A /* AppStoreFakeUITests.swift */; };
		A42309A32322A58100B97A3A /* BaseTabBarController.swift in Sources */ = {isa = PBXBuildFile; fileRef = A42309A22322A58100B97A3A /* BaseTabBarController.swift */; };
		A43498B22379A6E70040FC65 /* AppsPageHeader.swift in Sources */ = {isa = PBXBuildFile; fileRef = A43498B12379A6E70040FC65 /* AppsPageHeader.swift */; };
		A439C5E62338FE5800D2D87C /* SearchController.swift in Sources */ = {isa = PBXBuildFile; fileRef = A439C5E52338FE5800D2D87C /* SearchController.swift */; };
		A439C5E9233944F900D2D87C /* SearchCollectionCell.swift in Sources */ = {isa = PBXBuildFile; fileRef = A439C5E8233944F900D2D87C /* SearchCollectionCell.swift */; };
		A439C5EB23394C3E00D2D87C /* UIView+Extension.swift in Sources */ = {isa = PBXBuildFile; fileRef = A439C5EA23394C3E00D2D87C /* UIView+Extension.swift */; };
		A44EE1D723705B7000707E2E /* AppsHorizontalCell.swift in Sources */ = {isa = PBXBuildFile; fileRef = A44EE1D623705B7000707E2E /* AppsHorizontalCell.swift */; };
		A4BBBD25233A92EA00E20D15 /* CustomButton.swift in Sources */ = {isa = PBXBuildFile; fileRef = A4BBBD24233A92EA00E20D15 /* CustomButton.swift */; };
		A4BBBD27233BF4BF00E20D15 /* UILabel+Extension.swift in Sources */ = {isa = PBXBuildFile; fileRef = A4BBBD26233BF4BF00E20D15 /* UILabel+Extension.swift */; };
		A4BBBD2B2346BAEC00E20D15 /* VerticalStackView.swift in Sources */ = {isa = PBXBuildFile; fileRef = A4BBBD2A2346BAEC00E20D15 /* VerticalStackView.swift */; };
		A4E81E19236864530071BC46 /* AppsPageController.swift in Sources */ = {isa = PBXBuildFile; fileRef = A4E81E18236864530071BC46 /* AppsPageController.swift */; };
		A4E81E1B23686C980071BC46 /* BaseCollectionController.swift in Sources */ = {isa = PBXBuildFile; fileRef = A4E81E1A23686C980071BC46 /* BaseCollectionController.swift */; };
		A4EC2E0723687F9200D76189 /* AppsGroupCell.swift in Sources */ = {isa = PBXBuildFile; fileRef = A4EC2E0623687F9200D76189 /* AppsGroupCell.swift */; };
		A4EC2E0A2369B07700D76189 /* AppsHorizontalController.swift in Sources */ = {isa = PBXBuildFile; fileRef = A4EC2E092369B07700D76189 /* AppsHorizontalController.swift */; };
/* End PBXBuildFile section */

/* Begin PBXContainerItemProxy section */
		A423098623229D9A00B97A3A /* PBXContainerItemProxy */ = {
			isa = PBXContainerItemProxy;
			containerPortal = A423096923229D9800B97A3A /* Project object */;
			proxyType = 1;
			remoteGlobalIDString = A423097023229D9800B97A3A;
			remoteInfo = AppStoreFake;
		};
		A423099123229D9A00B97A3A /* PBXContainerItemProxy */ = {
			isa = PBXContainerItemProxy;
			containerPortal = A423096923229D9800B97A3A /* Project object */;
			proxyType = 1;
			remoteGlobalIDString = A423097023229D9800B97A3A;
			remoteInfo = AppStoreFake;
		};
/* End PBXContainerItemProxy section */

/* Begin PBXFileReference section */
		0A78E31B3890FBBA3B5814A0 /* Pods_AppStoreFakeUITests.framework */ = {isa = PBXFileReference; explicitFileType = wrapper.framework; includeInIndex = 0; path = Pods_AppStoreFakeUITests.framework; sourceTree = BUILT_PRODUCTS_DIR; };
		292C0951324F6F5BB8BD4A26 /* Pods-AppStoreFake.release.xcconfig */ = {isa = PBXFileReference; includeInIndex = 1; lastKnownFileType = text.xcconfig; name = "Pods-AppStoreFake.release.xcconfig"; path = "Target Support Files/Pods-AppStoreFake/Pods-AppStoreFake.release.xcconfig"; sourceTree = "<group>"; };
		2DF2F6A2A10DDD4A1C970AA4 /* Pods_AppStoreFake.framework */ = {isa = PBXFileReference; explicitFileType = wrapper.framework; includeInIndex = 0; path = Pods_AppStoreFake.framework; sourceTree = BUILT_PRODUCTS_DIR; };
		5461ABDF88CF9E5071BC8356 /* Pods-AppStoreFakeTests.debug.xcconfig */ = {isa = PBXFileReference; includeInIndex = 1; lastKnownFileType = text.xcconfig; name = "Pods-AppStoreFakeTests.debug.xcconfig"; path = "Target Support Files/Pods-AppStoreFakeTests/Pods-AppStoreFakeTests.debug.xcconfig"; sourceTree = "<group>"; };
		580414313468C1631560ACA4 /* Pods-AppStoreFakeUITests.release.xcconfig */ = {isa = PBXFileReference; includeInIndex = 1; lastKnownFileType = text.xcconfig; name = "Pods-AppStoreFakeUITests.release.xcconfig"; path = "Target Support Files/Pods-AppStoreFakeUITests/Pods-AppStoreFakeUITests.release.xcconfig"; sourceTree = "<group>"; };
		77626C20F30992A282C35FD0 /* Pods-AppStoreFake.debug.xcconfig */ = {isa = PBXFileReference; includeInIndex = 1; lastKnownFileType = text.xcconfig; name = "Pods-AppStoreFake.debug.xcconfig"; path = "Target Support Files/Pods-AppStoreFake/Pods-AppStoreFake.debug.xcconfig"; sourceTree = "<group>"; };
		91693808BB06CE4C07DD8F2E /* Pods-AppStoreFakeUITests.debug.xcconfig */ = {isa = PBXFileReference; includeInIndex = 1; lastKnownFileType = text.xcconfig; name = "Pods-AppStoreFakeUITests.debug.xcconfig"; path = "Target Support Files/Pods-AppStoreFakeUITests/Pods-AppStoreFakeUITests.debug.xcconfig"; sourceTree = "<group>"; };
		9569C907ECCA31B895391467 /* Pods_AppStoreFakeTests.framework */ = {isa = PBXFileReference; explicitFileType = wrapper.framework; includeInIndex = 0; path = Pods_AppStoreFakeTests.framework; sourceTree = BUILT_PRODUCTS_DIR; };
		A03CC5F763D6C99196516602 /* Pods-AppStoreFakeTests.release.xcconfig */ = {isa = PBXFileReference; includeInIndex = 1; lastKnownFileType = text.xcconfig; name = "Pods-AppStoreFakeTests.release.xcconfig"; path = "Target Support Files/Pods-AppStoreFakeTests/Pods-AppStoreFakeTests.release.xcconfig"; sourceTree = "<group>"; };
		A40385F323880D54008EEC94 /* AppsHeaderHorizontalController.swift */ = {isa = PBXFileReference; lastKnownFileType = sourcecode.swift; path = AppsHeaderHorizontalController.swift; sourceTree = "<group>"; };
		A410DB2D235408CF00B91131 /* Result.swift */ = {isa = PBXFileReference; lastKnownFileType = sourcecode.swift; path = Result.swift; sourceTree = "<group>"; };
		A410DB2F23540E9600B91131 /* Service.swift */ = {isa = PBXFileReference; lastKnownFileType = sourcecode.swift; path = Service.swift; sourceTree = "<group>"; };
		A423097123229D9800B97A3A /* AppStoreFake.app */ = {isa = PBXFileReference; explicitFileType = wrapper.application; includeInIndex = 0; path = AppStoreFake.app; sourceTree = BUILT_PRODUCTS_DIR; };
		A423097423229D9800B97A3A /* AppDelegate.swift */ = {isa = PBXFileReference; lastKnownFileType = sourcecode.swift; path = AppDelegate.swift; sourceTree = "<group>"; };
		A423097B23229D9A00B97A3A /* Assets.xcassets */ = {isa = PBXFileReference; lastKnownFileType = folder.assetcatalog; path = Assets.xcassets; sourceTree = "<group>"; };
		A423097E23229D9A00B97A3A /* Base */ = {isa = PBXFileReference; lastKnownFileType = file.storyboard; name = Base; path = Base.lproj/LaunchScreen.storyboard; sourceTree = "<group>"; };
		A423098023229D9A00B97A3A /* Info.plist */ = {isa = PBXFileReference; lastKnownFileType = text.plist.xml; path = Info.plist; sourceTree = "<group>"; };
		A423098523229D9A00B97A3A /* AppStoreFakeTests.xctest */ = {isa = PBXFileReference; explicitFileType = wrapper.cfbundle; includeInIndex = 0; path = AppStoreFakeTests.xctest; sourceTree = BUILT_PRODUCTS_DIR; };
		A423098923229D9A00B97A3A /* AppStoreFakeTests.swift */ = {isa = PBXFileReference; lastKnownFileType = sourcecode.swift; path = AppStoreFakeTests.swift; sourceTree = "<group>"; };
		A423098B23229D9A00B97A3A /* Info.plist */ = {isa = PBXFileReference; lastKnownFileType = text.plist.xml; path = Info.plist; sourceTree = "<group>"; };
		A423099023229D9A00B97A3A /* AppStoreFakeUITests.xctest */ = {isa = PBXFileReference; explicitFileType = wrapper.cfbundle; includeInIndex = 0; path = AppStoreFakeUITests.xctest; sourceTree = BUILT_PRODUCTS_DIR; };
		A423099423229D9A00B97A3A /* AppStoreFakeUITests.swift */ = {isa = PBXFileReference; lastKnownFileType = sourcecode.swift; path = AppStoreFakeUITests.swift; sourceTree = "<group>"; };
		A423099623229D9A00B97A3A /* Info.plist */ = {isa = PBXFileReference; lastKnownFileType = text.plist.xml; name = Info.plist; path = ../AppStoreFakeUITests/Info.plist; sourceTree = "<group>"; };
		A42309A22322A58100B97A3A /* BaseTabBarController.swift */ = {isa = PBXFileReference; lastKnownFileType = sourcecode.swift; path = BaseTabBarController.swift; sourceTree = "<group>"; };
		A43498B12379A6E70040FC65 /* AppsPageHeader.swift */ = {isa = PBXFileReference; lastKnownFileType = sourcecode.swift; path = AppsPageHeader.swift; sourceTree = "<group>"; };
		A439C5E52338FE5800D2D87C /* SearchController.swift */ = {isa = PBXFileReference; lastKnownFileType = sourcecode.swift; path = SearchController.swift; sourceTree = "<group>"; };
		A439C5E8233944F900D2D87C /* SearchCollectionCell.swift */ = {isa = PBXFileReference; lastKnownFileType = sourcecode.swift; path = SearchCollectionCell.swift; sourceTree = "<group>"; };
		A439C5EA23394C3E00D2D87C /* UIView+Extension.swift */ = {isa = PBXFileReference; lastKnownFileType = sourcecode.swift; path = "UIView+Extension.swift"; sourceTree = "<group>"; };
		A44EE1D623705B7000707E2E /* AppsHorizontalCell.swift */ = {isa = PBXFileReference; lastKnownFileType = sourcecode.swift; path = AppsHorizontalCell.swift; sourceTree = "<group>"; };
		A4BBBD24233A92EA00E20D15 /* CustomButton.swift */ = {isa = PBXFileReference; lastKnownFileType = sourcecode.swift; path = CustomButton.swift; sourceTree = "<group>"; };
		A4BBBD26233BF4BF00E20D15 /* UILabel+Extension.swift */ = {isa = PBXFileReference; lastKnownFileType = sourcecode.swift; path = "UILabel+Extension.swift"; sourceTree = "<group>"; };
		A4BBBD2A2346BAEC00E20D15 /* VerticalStackView.swift */ = {isa = PBXFileReference; lastKnownFileType = sourcecode.swift; path = VerticalStackView.swift; sourceTree = "<group>"; };
		A4E81E18236864530071BC46 /* AppsPageController.swift */ = {isa = PBXFileReference; lastKnownFileType = sourcecode.swift; path = AppsPageController.swift; sourceTree = "<group>"; };
		A4E81E1A23686C980071BC46 /* BaseCollectionController.swift */ = {isa = PBXFileReference; lastKnownFileType = sourcecode.swift; path = BaseCollectionController.swift; sourceTree = "<group>"; };
		A4EC2E0623687F9200D76189 /* AppsGroupCell.swift */ = {isa = PBXFileReference; lastKnownFileType = sourcecode.swift; path = AppsGroupCell.swift; sourceTree = "<group>"; };
		A4EC2E092369B07700D76189 /* AppsHorizontalController.swift */ = {isa = PBXFileReference; lastKnownFileType = sourcecode.swift; path = AppsHorizontalController.swift; sourceTree = "<group>"; };
/* End PBXFileReference section */

/* Begin PBXFrameworksBuildPhase section */
		A423096E23229D9800B97A3A /* Frameworks */ = {
			isa = PBXFrameworksBuildPhase;
			buildActionMask = 2147483647;
			files = (
				3B4EF0BA8A6B4613E606139C /* Pods_AppStoreFake.framework in Frameworks */,
			);
			runOnlyForDeploymentPostprocessing = 0;
		};
		A423098223229D9A00B97A3A /* Frameworks */ = {
			isa = PBXFrameworksBuildPhase;
			buildActionMask = 2147483647;
			files = (
				69773B258B6A5241DD9E5934 /* Pods_AppStoreFakeTests.framework in Frameworks */,
			);
			runOnlyForDeploymentPostprocessing = 0;
		};
		A423098D23229D9A00B97A3A /* Frameworks */ = {
			isa = PBXFrameworksBuildPhase;
			buildActionMask = 2147483647;
			files = (
				0991F8F92E1824A4392E907F /* Pods_AppStoreFakeUITests.framework in Frameworks */,
			);
			runOnlyForDeploymentPostprocessing = 0;
		};
/* End PBXFrameworksBuildPhase section */

/* Begin PBXGroup section */
		8BFB70769AB53C9ED2D50A2D /* Frameworks */ = {
			isa = PBXGroup;
			children = (
				2DF2F6A2A10DDD4A1C970AA4 /* Pods_AppStoreFake.framework */,
				9569C907ECCA31B895391467 /* Pods_AppStoreFakeTests.framework */,
				0A78E31B3890FBBA3B5814A0 /* Pods_AppStoreFakeUITests.framework */,
			);
			name = Frameworks;
			sourceTree = "<group>";
		};
		8EF28E34FE1B7F44FE06D4A4 /* Pods */ = {
			isa = PBXGroup;
			children = (
				77626C20F30992A282C35FD0 /* Pods-AppStoreFake.debug.xcconfig */,
				292C0951324F6F5BB8BD4A26 /* Pods-AppStoreFake.release.xcconfig */,
				5461ABDF88CF9E5071BC8356 /* Pods-AppStoreFakeTests.debug.xcconfig */,
				A03CC5F763D6C99196516602 /* Pods-AppStoreFakeTests.release.xcconfig */,
				91693808BB06CE4C07DD8F2E /* Pods-AppStoreFakeUITests.debug.xcconfig */,
				580414313468C1631560ACA4 /* Pods-AppStoreFakeUITests.release.xcconfig */,
			);
			path = Pods;
			sourceTree = "<group>";
		};
		A410DB2C235408BE00B91131 /* Model */ = {
			isa = PBXGroup;
			children = (
				A410DB2D235408CF00B91131 /* Result.swift */,
			);
			path = Model;
			sourceTree = "<group>";
		};
		A423096823229D9800B97A3A = {
			isa = PBXGroup;
			children = (
				A423097323229D9800B97A3A /* AppStoreFake */,
				A423098823229D9A00B97A3A /* AppStoreFakeTests */,
				A423099323229D9A00B97A3A /* AppStoreFakeUITests */,
				A423097223229D9800B97A3A /* Products */,
				8EF28E34FE1B7F44FE06D4A4 /* Pods */,
				8BFB70769AB53C9ED2D50A2D /* Frameworks */,
			);
			sourceTree = "<group>";
		};
		A423097223229D9800B97A3A /* Products */ = {
			isa = PBXGroup;
			children = (
				A423097123229D9800B97A3A /* AppStoreFake.app */,
				A423098523229D9A00B97A3A /* AppStoreFakeTests.xctest */,
				A423099023229D9A00B97A3A /* AppStoreFakeUITests.xctest */,
			);
			name = Products;
			sourceTree = "<group>";
		};
		A423097323229D9800B97A3A /* AppStoreFake */ = {
			isa = PBXGroup;
			children = (
				A410DB2C235408BE00B91131 /* Model */,
				A4BBBD292346BACC00E20D15 /* Helpers */,
				A439C5E7233944AA00D2D87C /* Views */,
				A4399AB52338F95B00095318 /* Controllers */,
				A423097423229D9800B97A3A /* AppDelegate.swift */,
				A423097B23229D9A00B97A3A /* Assets.xcassets */,
				A423097D23229D9A00B97A3A /* LaunchScreen.storyboard */,
				A423098023229D9A00B97A3A /* Info.plist */,
			);
			path = AppStoreFake;
			sourceTree = "<group>";
		};
		A423098823229D9A00B97A3A /* AppStoreFakeTests */ = {
			isa = PBXGroup;
			children = (
				A423098923229D9A00B97A3A /* AppStoreFakeTests.swift */,
				A423099623229D9A00B97A3A /* Info.plist */,
				A423098B23229D9A00B97A3A /* Info.plist */,
			);
			path = AppStoreFakeTests;
			sourceTree = "<group>";
		};
		A423099323229D9A00B97A3A /* AppStoreFakeUITests */ = {
			isa = PBXGroup;
			children = (
				A423099423229D9A00B97A3A /* AppStoreFakeUITests.swift */,
			);
			path = AppStoreFakeUITests;
			sourceTree = "<group>";
		};
		A4399AB52338F95B00095318 /* Controllers */ = {
			isa = PBXGroup;
			children = (
				A4E81E1C23686CF90071BC46 /* Search */,
				A4E81E172368643E0071BC46 /* Apps */,
				A42309A22322A58100B97A3A /* BaseTabBarController.swift */,
				A4E81E1A23686C980071BC46 /* BaseCollectionController.swift */,
			);
			path = Controllers;
			sourceTree = "<group>";
		};
		A439C5E7233944AA00D2D87C /* Views */ = {
			isa = PBXGroup;
			children = (
				A4EC2E082369B05400D76189 /* Search */,
				A4EC2E0523687F7F00D76189 /* Apps */,
			);
			path = Views;
			sourceTree = "<group>";
		};
		A4BBBD292346BACC00E20D15 /* Helpers */ = {
			isa = PBXGroup;
			children = (
				A439C5EA23394C3E00D2D87C /* UIView+Extension.swift */,
				A4BBBD26233BF4BF00E20D15 /* UILabel+Extension.swift */,
				A4BBBD24233A92EA00E20D15 /* CustomButton.swift */,
				A4BBBD2A2346BAEC00E20D15 /* VerticalStackView.swift */,
				A410DB2F23540E9600B91131 /* Service.swift */,
			);
			path = Helpers;
			sourceTree = "<group>";
		};
		A4E81E172368643E0071BC46 /* Apps */ = {
			isa = PBXGroup;
			children = (
				A4E81E18236864530071BC46 /* AppsPageController.swift */,
				A4EC2E092369B07700D76189 /* AppsHorizontalController.swift */,
				A40385F323880D54008EEC94 /* AppsHeaderHorizontalController.swift */,
			);
			path = Apps;
			sourceTree = "<group>";
		};
		A4E81E1C23686CF90071BC46 /* Search */ = {
			isa = PBXGroup;
			children = (
				A439C5E52338FE5800D2D87C /* SearchController.swift */,
			);
			path = Search;
			sourceTree = "<group>";
		};
		A4EC2E0523687F7F00D76189 /* Apps */ = {
			isa = PBXGroup;
			children = (
				A4EC2E0623687F9200D76189 /* AppsGroupCell.swift */,
				A44EE1D623705B7000707E2E /* AppsHorizontalCell.swift */,
				A43498B12379A6E70040FC65 /* AppsPageHeader.swift */,
			);
			path = Apps;
			sourceTree = "<group>";
		};
		A4EC2E082369B05400D76189 /* Search */ = {
			isa = PBXGroup;
			children = (
				A439C5E8233944F900D2D87C /* SearchCollectionCell.swift */,
			);
			path = Search;
			sourceTree = "<group>";
		};
/* End PBXGroup section */

/* Begin PBXNativeTarget section */
		A423097023229D9800B97A3A /* AppStoreFake */ = {
			isa = PBXNativeTarget;
			buildConfigurationList = A423099923229D9A00B97A3A /* Build configuration list for PBXNativeTarget "AppStoreFake" */;
			buildPhases = (
				7550E6F052433975AF6373D8 /* [CP] Check Pods Manifest.lock */,
				A423096D23229D9800B97A3A /* Sources */,
				A423096E23229D9800B97A3A /* Frameworks */,
				A423096F23229D9800B97A3A /* Resources */,
				0E9CC2B60FB3A4BC6642D20A /* [CP] Embed Pods Frameworks */,
			);
			buildRules = (
			);
			dependencies = (
			);
			name = AppStoreFake;
			productName = AppStoreFake;
			productReference = A423097123229D9800B97A3A /* AppStoreFake.app */;
			productType = "com.apple.product-type.application";
		};
		A423098423229D9A00B97A3A /* AppStoreFakeTests */ = {
			isa = PBXNativeTarget;
			buildConfigurationList = A423099C23229D9A00B97A3A /* Build configuration list for PBXNativeTarget "AppStoreFakeTests" */;
			buildPhases = (
				D3A8A13FD6422C72D6DED2A9 /* [CP] Check Pods Manifest.lock */,
				A423098123229D9A00B97A3A /* Sources */,
				A423098223229D9A00B97A3A /* Frameworks */,
				A423098323229D9A00B97A3A /* Resources */,
			);
			buildRules = (
			);
			dependencies = (
				A423098723229D9A00B97A3A /* PBXTargetDependency */,
			);
			name = AppStoreFakeTests;
			productName = AppStoreFakeTests;
			productReference = A423098523229D9A00B97A3A /* AppStoreFakeTests.xctest */;
			productType = "com.apple.product-type.bundle.unit-test";
		};
		A423098F23229D9A00B97A3A /* AppStoreFakeUITests */ = {
			isa = PBXNativeTarget;
			buildConfigurationList = A423099F23229D9A00B97A3A /* Build configuration list for PBXNativeTarget "AppStoreFakeUITests" */;
			buildPhases = (
				631DB180B5674DA6BFC9F9D4 /* [CP] Check Pods Manifest.lock */,
				A423098C23229D9A00B97A3A /* Sources */,
				A423098D23229D9A00B97A3A /* Frameworks */,
				A423098E23229D9A00B97A3A /* Resources */,
			);
			buildRules = (
			);
			dependencies = (
				A423099223229D9A00B97A3A /* PBXTargetDependency */,
			);
			name = AppStoreFakeUITests;
			productName = AppStoreFakeUITests;
			productReference = A423099023229D9A00B97A3A /* AppStoreFakeUITests.xctest */;
			productType = "com.apple.product-type.bundle.ui-testing";
		};
/* End PBXNativeTarget section */

/* Begin PBXProject section */
		A423096923229D9800B97A3A /* Project object */ = {
			isa = PBXProject;
			attributes = {
				LastSwiftUpdateCheck = 1030;
				LastUpgradeCheck = 1030;
				ORGANIZATIONNAME = "Matheus Damasceno";
				TargetAttributes = {
					A423097023229D9800B97A3A = {
						CreatedOnToolsVersion = 10.3;
					};
					A423098423229D9A00B97A3A = {
						CreatedOnToolsVersion = 10.3;
						TestTargetID = A423097023229D9800B97A3A;
					};
					A423098F23229D9A00B97A3A = {
						CreatedOnToolsVersion = 10.3;
						TestTargetID = A423097023229D9800B97A3A;
					};
				};
			};
			buildConfigurationList = A423096C23229D9800B97A3A /* Build configuration list for PBXProject "AppStoreFake" */;
			compatibilityVersion = "Xcode 9.3";
			developmentRegion = en;
			hasScannedForEncodings = 0;
			knownRegions = (
				en,
				Base,
			);
			mainGroup = A423096823229D9800B97A3A;
			productRefGroup = A423097223229D9800B97A3A /* Products */;
			projectDirPath = "";
			projectRoot = "";
			targets = (
				A423097023229D9800B97A3A /* AppStoreFake */,
				A423098423229D9A00B97A3A /* AppStoreFakeTests */,
				A423098F23229D9A00B97A3A /* AppStoreFakeUITests */,
			);
		};
/* End PBXProject section */

/* Begin PBXResourcesBuildPhase section */
		A423096F23229D9800B97A3A /* Resources */ = {
			isa = PBXResourcesBuildPhase;
			buildActionMask = 2147483647;
			files = (
				A423097F23229D9A00B97A3A /* LaunchScreen.storyboard in Resources */,
				A423097C23229D9A00B97A3A /* Assets.xcassets in Resources */,
			);
			runOnlyForDeploymentPostprocessing = 0;
		};
		A423098323229D9A00B97A3A /* Resources */ = {
			isa = PBXResourcesBuildPhase;
			buildActionMask = 2147483647;
			files = (
			);
			runOnlyForDeploymentPostprocessing = 0;
		};
		A423098E23229D9A00B97A3A /* Resources */ = {
			isa = PBXResourcesBuildPhase;
			buildActionMask = 2147483647;
			files = (
			);
			runOnlyForDeploymentPostprocessing = 0;
		};
/* End PBXResourcesBuildPhase section */

/* Begin PBXShellScriptBuildPhase section */
		0E9CC2B60FB3A4BC6642D20A /* [CP] Embed Pods Frameworks */ = {
			isa = PBXShellScriptBuildPhase;
			buildActionMask = 2147483647;
			files = (
			);
			inputFileListPaths = (
				"${PODS_ROOT}/Target Support Files/Pods-AppStoreFake/Pods-AppStoreFake-frameworks-${CONFIGURATION}-input-files.xcfilelist",
			);
			name = "[CP] Embed Pods Frameworks";
			outputFileListPaths = (
				"${PODS_ROOT}/Target Support Files/Pods-AppStoreFake/Pods-AppStoreFake-frameworks-${CONFIGURATION}-output-files.xcfilelist",
			);
			runOnlyForDeploymentPostprocessing = 0;
			shellPath = /bin/sh;
			shellScript = "\"${PODS_ROOT}/Target Support Files/Pods-AppStoreFake/Pods-AppStoreFake-frameworks.sh\"\n";
			showEnvVarsInLog = 0;
		};
		631DB180B5674DA6BFC9F9D4 /* [CP] Check Pods Manifest.lock */ = {
			isa = PBXShellScriptBuildPhase;
			buildActionMask = 2147483647;
			files = (
			);
			inputFileListPaths = (
			);
			inputPaths = (
				"${PODS_PODFILE_DIR_PATH}/Podfile.lock",
				"${PODS_ROOT}/Manifest.lock",
			);
			name = "[CP] Check Pods Manifest.lock";
			outputFileListPaths = (
			);
			outputPaths = (
				"$(DERIVED_FILE_DIR)/Pods-AppStoreFakeUITests-checkManifestLockResult.txt",
			);
			runOnlyForDeploymentPostprocessing = 0;
			shellPath = /bin/sh;
			shellScript = "diff \"${PODS_PODFILE_DIR_PATH}/Podfile.lock\" \"${PODS_ROOT}/Manifest.lock\" > /dev/null\nif [ $? != 0 ] ; then\n    # print error to STDERR\n    echo \"error: The sandbox is not in sync with the Podfile.lock. Run 'pod install' or update your CocoaPods installation.\" >&2\n    exit 1\nfi\n# This output is used by Xcode 'outputs' to avoid re-running this script phase.\necho \"SUCCESS\" > \"${SCRIPT_OUTPUT_FILE_0}\"\n";
			showEnvVarsInLog = 0;
		};
		7550E6F052433975AF6373D8 /* [CP] Check Pods Manifest.lock */ = {
			isa = PBXShellScriptBuildPhase;
			buildActionMask = 2147483647;
			files = (
			);
			inputFileListPaths = (
			);
			inputPaths = (
				"${PODS_PODFILE_DIR_PATH}/Podfile.lock",
				"${PODS_ROOT}/Manifest.lock",
			);
			name = "[CP] Check Pods Manifest.lock";
			outputFileListPaths = (
			);
			outputPaths = (
				"$(DERIVED_FILE_DIR)/Pods-AppStoreFake-checkManifestLockResult.txt",
			);
			runOnlyForDeploymentPostprocessing = 0;
			shellPath = /bin/sh;
			shellScript = "diff \"${PODS_PODFILE_DIR_PATH}/Podfile.lock\" \"${PODS_ROOT}/Manifest.lock\" > /dev/null\nif [ $? != 0 ] ; then\n    # print error to STDERR\n    echo \"error: The sandbox is not in sync with the Podfile.lock. Run 'pod install' or update your CocoaPods installation.\" >&2\n    exit 1\nfi\n# This output is used by Xcode 'outputs' to avoid re-running this script phase.\necho \"SUCCESS\" > \"${SCRIPT_OUTPUT_FILE_0}\"\n";
			showEnvVarsInLog = 0;
		};
		D3A8A13FD6422C72D6DED2A9 /* [CP] Check Pods Manifest.lock */ = {
			isa = PBXShellScriptBuildPhase;
			buildActionMask = 2147483647;
			files = (
			);
			inputFileListPaths = (
			);
			inputPaths = (
				"${PODS_PODFILE_DIR_PATH}/Podfile.lock",
				"${PODS_ROOT}/Manifest.lock",
			);
			name = "[CP] Check Pods Manifest.lock";
			outputFileListPaths = (
			);
			outputPaths = (
				"$(DERIVED_FILE_DIR)/Pods-AppStoreFakeTests-checkManifestLockResult.txt",
			);
			runOnlyForDeploymentPostprocessing = 0;
			shellPath = /bin/sh;
			shellScript = "diff \"${PODS_PODFILE_DIR_PATH}/Podfile.lock\" \"${PODS_ROOT}/Manifest.lock\" > /dev/null\nif [ $? != 0 ] ; then\n    # print error to STDERR\n    echo \"error: The sandbox is not in sync with the Podfile.lock. Run 'pod install' or update your CocoaPods installation.\" >&2\n    exit 1\nfi\n# This output is used by Xcode 'outputs' to avoid re-running this script phase.\necho \"SUCCESS\" > \"${SCRIPT_OUTPUT_FILE_0}\"\n";
			showEnvVarsInLog = 0;
		};
/* End PBXShellScriptBuildPhase section */

/* Begin PBXSourcesBuildPhase section */
		A423096D23229D9800B97A3A /* Sources */ = {
			isa = PBXSourcesBuildPhase;
			buildActionMask = 2147483647;
			files = (
				A4E81E1B23686C980071BC46 /* BaseCollectionController.swift in Sources */,
				A423097523229D9800B97A3A /* AppDelegate.swift in Sources */,
				A44EE1D723705B7000707E2E /* AppsHorizontalCell.swift in Sources */,
				A4E81E19236864530071BC46 /* AppsPageController.swift in Sources */,
				A42309A32322A58100B97A3A /* BaseTabBarController.swift in Sources */,
				A4BBBD25233A92EA00E20D15 /* CustomButton.swift in Sources */,
				A4BBBD27233BF4BF00E20D15 /* UILabel+Extension.swift in Sources */,
				A4EC2E0723687F9200D76189 /* AppsGroupCell.swift in Sources */,
				A439C5E62338FE5800D2D87C /* SearchController.swift in Sources */,
				A43498B22379A6E70040FC65 /* AppsPageHeader.swift in Sources */,
				A4BBBD2B2346BAEC00E20D15 /* VerticalStackView.swift in Sources */,
				A439C5EB23394C3E00D2D87C /* UIView+Extension.swift in Sources */,
				A410DB3023540E9600B91131 /* Service.swift in Sources */,
				A410DB2E235408CF00B91131 /* Result.swift in Sources */,
				A439C5E9233944F900D2D87C /* SearchCollectionCell.swift in Sources */,
				A4EC2E0A2369B07700D76189 /* AppsHorizontalController.swift in Sources */,
				A40385F423880D54008EEC94 /* AppsHeaderHorizontalController.swift in Sources */,
			);
			runOnlyForDeploymentPostprocessing = 0;
		};
		A423098123229D9A00B97A3A /* Sources */ = {
			isa = PBXSourcesBuildPhase;
			buildActionMask = 2147483647;
			files = (
				A423098A23229D9A00B97A3A /* AppStoreFakeTests.swift in Sources */,
			);
			runOnlyForDeploymentPostprocessing = 0;
		};
		A423098C23229D9A00B97A3A /* Sources */ = {
			isa = PBXSourcesBuildPhase;
			buildActionMask = 2147483647;
			files = (
				A423099523229D9A00B97A3A /* AppStoreFakeUITests.swift in Sources */,
			);
			runOnlyForDeploymentPostprocessing = 0;
		};
/* End PBXSourcesBuildPhase section */

/* Begin PBXTargetDependency section */
		A423098723229D9A00B97A3A /* PBXTargetDependency */ = {
			isa = PBXTargetDependency;
			target = A423097023229D9800B97A3A /* AppStoreFake */;
			targetProxy = A423098623229D9A00B97A3A /* PBXContainerItemProxy */;
		};
		A423099223229D9A00B97A3A /* PBXTargetDependency */ = {
			isa = PBXTargetDependency;
			target = A423097023229D9800B97A3A /* AppStoreFake */;
			targetProxy = A423099123229D9A00B97A3A /* PBXContainerItemProxy */;
		};
/* End PBXTargetDependency section */

/* Begin PBXVariantGroup section */
		A423097D23229D9A00B97A3A /* LaunchScreen.storyboard */ = {
			isa = PBXVariantGroup;
			children = (
				A423097E23229D9A00B97A3A /* Base */,
			);
			name = LaunchScreen.storyboard;
			sourceTree = "<group>";
		};
/* End PBXVariantGroup section */

/* Begin XCBuildConfiguration section */
		A423099723229D9A00B97A3A /* Debug */ = {
			isa = XCBuildConfiguration;
			buildSettings = {
				ALWAYS_SEARCH_USER_PATHS = NO;
				CLANG_ANALYZER_NONNULL = YES;
				CLANG_ANALYZER_NUMBER_OBJECT_CONVERSION = YES_AGGRESSIVE;
				CLANG_CXX_LANGUAGE_STANDARD = "gnu++14";
				CLANG_CXX_LIBRARY = "libc++";
				CLANG_ENABLE_MODULES = YES;
				CLANG_ENABLE_OBJC_ARC = YES;
				CLANG_ENABLE_OBJC_WEAK = YES;
				CLANG_WARN_BLOCK_CAPTURE_AUTORELEASING = YES;
				CLANG_WARN_BOOL_CONVERSION = YES;
				CLANG_WARN_COMMA = YES;
				CLANG_WARN_CONSTANT_CONVERSION = YES;
				CLANG_WARN_DEPRECATED_OBJC_IMPLEMENTATIONS = YES;
				CLANG_WARN_DIRECT_OBJC_ISA_USAGE = YES_ERROR;
				CLANG_WARN_DOCUMENTATION_COMMENTS = YES;
				CLANG_WARN_EMPTY_BODY = YES;
				CLANG_WARN_ENUM_CONVERSION = YES;
				CLANG_WARN_INFINITE_RECURSION = YES;
				CLANG_WARN_INT_CONVERSION = YES;
				CLANG_WARN_NON_LITERAL_NULL_CONVERSION = YES;
				CLANG_WARN_OBJC_IMPLICIT_RETAIN_SELF = YES;
				CLANG_WARN_OBJC_LITERAL_CONVERSION = YES;
				CLANG_WARN_OBJC_ROOT_CLASS = YES_ERROR;
				CLANG_WARN_RANGE_LOOP_ANALYSIS = YES;
				CLANG_WARN_STRICT_PROTOTYPES = YES;
				CLANG_WARN_SUSPICIOUS_MOVE = YES;
				CLANG_WARN_UNGUARDED_AVAILABILITY = YES_AGGRESSIVE;
				CLANG_WARN_UNREACHABLE_CODE = YES;
				CLANG_WARN__DUPLICATE_METHOD_MATCH = YES;
				CODE_SIGN_IDENTITY = "iPhone Developer";
				COPY_PHASE_STRIP = NO;
				DEBUG_INFORMATION_FORMAT = dwarf;
				ENABLE_STRICT_OBJC_MSGSEND = YES;
				ENABLE_TESTABILITY = YES;
				GCC_C_LANGUAGE_STANDARD = gnu11;
				GCC_DYNAMIC_NO_PIC = NO;
				GCC_NO_COMMON_BLOCKS = YES;
				GCC_OPTIMIZATION_LEVEL = 0;
				GCC_PREPROCESSOR_DEFINITIONS = (
					"DEBUG=1",
					"$(inherited)",
				);
				GCC_WARN_64_TO_32_BIT_CONVERSION = YES;
				GCC_WARN_ABOUT_RETURN_TYPE = YES_ERROR;
				GCC_WARN_UNDECLARED_SELECTOR = YES;
				GCC_WARN_UNINITIALIZED_AUTOS = YES_AGGRESSIVE;
				GCC_WARN_UNUSED_FUNCTION = YES;
				GCC_WARN_UNUSED_VARIABLE = YES;
				IPHONEOS_DEPLOYMENT_TARGET = 12.2;
				MTL_ENABLE_DEBUG_INFO = INCLUDE_SOURCE;
				MTL_FAST_MATH = YES;
				ONLY_ACTIVE_ARCH = YES;
				SDKROOT = iphoneos;
				SWIFT_ACTIVE_COMPILATION_CONDITIONS = DEBUG;
				SWIFT_OPTIMIZATION_LEVEL = "-Onone";
			};
			name = Debug;
		};
		A423099823229D9A00B97A3A /* Release */ = {
			isa = XCBuildConfiguration;
			buildSettings = {
				ALWAYS_SEARCH_USER_PATHS = NO;
				CLANG_ANALYZER_NONNULL = YES;
				CLANG_ANALYZER_NUMBER_OBJECT_CONVERSION = YES_AGGRESSIVE;
				CLANG_CXX_LANGUAGE_STANDARD = "gnu++14";
				CLANG_CXX_LIBRARY = "libc++";
				CLANG_ENABLE_MODULES = YES;
				CLANG_ENABLE_OBJC_ARC = YES;
				CLANG_ENABLE_OBJC_WEAK = YES;
				CLANG_WARN_BLOCK_CAPTURE_AUTORELEASING = YES;
				CLANG_WARN_BOOL_CONVERSION = YES;
				CLANG_WARN_COMMA = YES;
				CLANG_WARN_CONSTANT_CONVERSION = YES;
				CLANG_WARN_DEPRECATED_OBJC_IMPLEMENTATIONS = YES;
				CLANG_WARN_DIRECT_OBJC_ISA_USAGE = YES_ERROR;
				CLANG_WARN_DOCUMENTATION_COMMENTS = YES;
				CLANG_WARN_EMPTY_BODY = YES;
				CLANG_WARN_ENUM_CONVERSION = YES;
				CLANG_WARN_INFINITE_RECURSION = YES;
				CLANG_WARN_INT_CONVERSION = YES;
				CLANG_WARN_NON_LITERAL_NULL_CONVERSION = YES;
				CLANG_WARN_OBJC_IMPLICIT_RETAIN_SELF = YES;
				CLANG_WARN_OBJC_LITERAL_CONVERSION = YES;
				CLANG_WARN_OBJC_ROOT_CLASS = YES_ERROR;
				CLANG_WARN_RANGE_LOOP_ANALYSIS = YES;
				CLANG_WARN_STRICT_PROTOTYPES = YES;
				CLANG_WARN_SUSPICIOUS_MOVE = YES;
				CLANG_WARN_UNGUARDED_AVAILABILITY = YES_AGGRESSIVE;
				CLANG_WARN_UNREACHABLE_CODE = YES;
				CLANG_WARN__DUPLICATE_METHOD_MATCH = YES;
				CODE_SIGN_IDENTITY = "iPhone Developer";
				COPY_PHASE_STRIP = NO;
				DEBUG_INFORMATION_FORMAT = "dwarf-with-dsym";
				ENABLE_NS_ASSERTIONS = NO;
				ENABLE_STRICT_OBJC_MSGSEND = YES;
				GCC_C_LANGUAGE_STANDARD = gnu11;
				GCC_NO_COMMON_BLOCKS = YES;
				GCC_WARN_64_TO_32_BIT_CONVERSION = YES;
				GCC_WARN_ABOUT_RETURN_TYPE = YES_ERROR;
				GCC_WARN_UNDECLARED_SELECTOR = YES;
				GCC_WARN_UNINITIALIZED_AUTOS = YES_AGGRESSIVE;
				GCC_WARN_UNUSED_FUNCTION = YES;
				GCC_WARN_UNUSED_VARIABLE = YES;
				IPHONEOS_DEPLOYMENT_TARGET = 12.2;
				MTL_ENABLE_DEBUG_INFO = NO;
				MTL_FAST_MATH = YES;
				SDKROOT = iphoneos;
				SWIFT_COMPILATION_MODE = wholemodule;
				SWIFT_OPTIMIZATION_LEVEL = "-O";
				VALIDATE_PRODUCT = YES;
			};
			name = Release;
		};
		A423099A23229D9A00B97A3A /* Debug */ = {
			isa = XCBuildConfiguration;
			baseConfigurationReference = 77626C20F30992A282C35FD0 /* Pods-AppStoreFake.debug.xcconfig */;
			buildSettings = {
				ASSETCATALOG_COMPILER_APPICON_NAME = AppIcon;
				CODE_SIGN_STYLE = Automatic;
				DEVELOPMENT_TEAM = N96A4XNBA6;
				INFOPLIST_FILE = AppStoreFake/Info.plist;
				LD_RUNPATH_SEARCH_PATHS = (
					"$(inherited)",
					"@executable_path/Frameworks",
				);
				PRODUCT_BUNDLE_IDENTIFIER = matheusDamasceno.AppStoreFake;
				PRODUCT_NAME = "$(TARGET_NAME)";
				SWIFT_VERSION = 5.0;
				TARGETED_DEVICE_FAMILY = "1,2";
			};
			name = Debug;
		};
		A423099B23229D9A00B97A3A /* Release */ = {
			isa = XCBuildConfiguration;
			baseConfigurationReference = 292C0951324F6F5BB8BD4A26 /* Pods-AppStoreFake.release.xcconfig */;
			buildSettings = {
				ASSETCATALOG_COMPILER_APPICON_NAME = AppIcon;
				CODE_SIGN_STYLE = Automatic;
				DEVELOPMENT_TEAM = N96A4XNBA6;
				INFOPLIST_FILE = AppStoreFake/Info.plist;
				LD_RUNPATH_SEARCH_PATHS = (
					"$(inherited)",
					"@executable_path/Frameworks",
				);
				PRODUCT_BUNDLE_IDENTIFIER = matheusDamasceno.AppStoreFake;
				PRODUCT_NAME = "$(TARGET_NAME)";
				SWIFT_VERSION = 5.0;
				TARGETED_DEVICE_FAMILY = "1,2";
			};
			name = Release;
		};
		A423099D23229D9A00B97A3A /* Debug */ = {
			isa = XCBuildConfiguration;
			baseConfigurationReference = 5461ABDF88CF9E5071BC8356 /* Pods-AppStoreFakeTests.debug.xcconfig */;
			buildSettings = {
				ALWAYS_EMBED_SWIFT_STANDARD_LIBRARIES = YES;
				BUNDLE_LOADER = "$(TEST_HOST)";
				CODE_SIGN_STYLE = Automatic;
				DEVELOPMENT_TEAM = N96A4XNBA6;
				INFOPLIST_FILE = AppStoreFakeTests/Info.plist;
				LD_RUNPATH_SEARCH_PATHS = (
					"$(inherited)",
					"@executable_path/Frameworks",
					"@loader_path/Frameworks",
				);
				PRODUCT_BUNDLE_IDENTIFIER = matheusDamasceno.AppStoreFakeTests;
				PRODUCT_NAME = "$(TARGET_NAME)";
				SWIFT_VERSION = 5.0;
				TARGETED_DEVICE_FAMILY = "1,2";
				TEST_HOST = "$(BUILT_PRODUCTS_DIR)/AppStoreFake.app/AppStoreFake";
			};
			name = Debug;
		};
		A423099E23229D9A00B97A3A /* Release */ = {
			isa = XCBuildConfiguration;
			baseConfigurationReference = A03CC5F763D6C99196516602 /* Pods-AppStoreFakeTests.release.xcconfig */;
			buildSettings = {
				ALWAYS_EMBED_SWIFT_STANDARD_LIBRARIES = YES;
				BUNDLE_LOADER = "$(TEST_HOST)";
				CODE_SIGN_STYLE = Automatic;
				DEVELOPMENT_TEAM = N96A4XNBA6;
				INFOPLIST_FILE = AppStoreFakeTests/Info.plist;
				LD_RUNPATH_SEARCH_PATHS = (
					"$(inherited)",
					"@executable_path/Frameworks",
					"@loader_path/Frameworks",
				);
				PRODUCT_BUNDLE_IDENTIFIER = matheusDamasceno.AppStoreFakeTests;
				PRODUCT_NAME = "$(TARGET_NAME)";
				SWIFT_VERSION = 5.0;
				TARGETED_DEVICE_FAMILY = "1,2";
				TEST_HOST = "$(BUILT_PRODUCTS_DIR)/AppStoreFake.app/AppStoreFake";
			};
			name = Release;
		};
		A42309A023229D9A00B97A3A /* Debug */ = {
			isa = XCBuildConfiguration;
			baseConfigurationReference = 91693808BB06CE4C07DD8F2E /* Pods-AppStoreFakeUITests.debug.xcconfig */;
			buildSettings = {
				ALWAYS_EMBED_SWIFT_STANDARD_LIBRARIES = YES;
				CODE_SIGN_STYLE = Automatic;
				DEVELOPMENT_TEAM = N96A4XNBA6;
				INFOPLIST_FILE = AppStoreFakeUITests/Info.plist;
				LD_RUNPATH_SEARCH_PATHS = (
					"$(inherited)",
					"@executable_path/Frameworks",
					"@loader_path/Frameworks",
				);
				PRODUCT_BUNDLE_IDENTIFIER = matheusDamasceno.AppStoreFakeUITests;
				PRODUCT_NAME = "$(TARGET_NAME)";
				SWIFT_VERSION = 5.0;
				TARGETED_DEVICE_FAMILY = "1,2";
				TEST_TARGET_NAME = AppStoreFake;
			};
			name = Debug;
		};
		A42309A123229D9A00B97A3A /* Release */ = {
			isa = XCBuildConfiguration;
			baseConfigurationReference = 580414313468C1631560ACA4 /* Pods-AppStoreFakeUITests.release.xcconfig */;
			buildSettings = {
				ALWAYS_EMBED_SWIFT_STANDARD_LIBRARIES = YES;
				CODE_SIGN_STYLE = Automatic;
				DEVELOPMENT_TEAM = N96A4XNBA6;
				INFOPLIST_FILE = AppStoreFakeUITests/Info.plist;
				LD_RUNPATH_SEARCH_PATHS = (
					"$(inherited)",
					"@executable_path/Frameworks",
					"@loader_path/Frameworks",
				);
				PRODUCT_BUNDLE_IDENTIFIER = matheusDamasceno.AppStoreFakeUITests;
				PRODUCT_NAME = "$(TARGET_NAME)";
				SWIFT_VERSION = 5.0;
				TARGETED_DEVICE_FAMILY = "1,2";
				TEST_TARGET_NAME = AppStoreFake;
			};
			name = Release;
		};
/* End XCBuildConfiguration section */

/* Begin XCConfigurationList section */
		A423096C23229D9800B97A3A /* Build configuration list for PBXProject "AppStoreFake" */ = {
			isa = XCConfigurationList;
			buildConfigurations = (
				A423099723229D9A00B97A3A /* Debug */,
				A423099823229D9A00B97A3A /* Release */,
			);
			defaultConfigurationIsVisible = 0;
			defaultConfigurationName = Release;
		};
		A423099923229D9A00B97A3A /* Build configuration list for PBXNativeTarget "AppStoreFake" */ = {
			isa = XCConfigurationList;
			buildConfigurations = (
				A423099A23229D9A00B97A3A /* Debug */,
				A423099B23229D9A00B97A3A /* Release */,
			);
			defaultConfigurationIsVisible = 0;
			defaultConfigurationName = Release;
		};
		A423099C23229D9A00B97A3A /* Build configuration list for PBXNativeTarget "AppStoreFakeTests" */ = {
			isa = XCConfigurationList;
			buildConfigurations = (
				A423099D23229D9A00B97A3A /* Debug */,
				A423099E23229D9A00B97A3A /* Release */,
			);
			defaultConfigurationIsVisible = 0;
			defaultConfigurationName = Release;
		};
		A423099F23229D9A00B97A3A /* Build configuration list for PBXNativeTarget "AppStoreFakeUITests" */ = {
			isa = XCConfigurationList;
			buildConfigurations = (
				A42309A023229D9A00B97A3A /* Debug */,
				A42309A123229D9A00B97A3A /* Release */,
			);
			defaultConfigurationIsVisible = 0;
			defaultConfigurationName = Release;
		};
/* End XCConfigurationList section */
	};
	rootObject = A423096923229D9800B97A3A /* Project object */;
}
